<Solution>
  <Folder Name="/Solution Items/">
    <File Path=".github/workflows/master_wfpchatbotwebapp.yml" />
    <File Path=".gitignore" />
    <File Path="README.md" />
  </Folder>
  <Project Path="LocalStart/LocalStart.csproj" />
  <Project Path="WfpChatBotWebApp/WfpChatBotWebApp.csproj" />
</Solution>
