
Microsoft Visual Studio Solution File, Format Version 12.00
# Visual Studio Version 17
VisualStudioVersion = 17.4.33122.133
MinimumVisualStudioVersion = 10.0.40219.1
Project("{9A19103F-16F7-4668-BE54-9A1E7A4F7556}") = "WfpChatBotWebApp", "WfpChatBotWebApp\WfpChatBotWebApp.csproj", "{E4B0432E-A85E-4CA5-8A1C-84C9D9415BC6}"
EndProject
Project("{2150E333-8FDC-42A3-9474-1A3956D46DE8}") = "Solution Items", "Solution Items", "{68866BE5-07D7-48BE-ABF2-A9EECC2295B0}"
	ProjectSection(SolutionItems) = preProject
		.gitignore = .gitignore
	EndProjectSection
EndProject
Project("{2150E333-8FDC-42A3-9474-1A3956D46DE8}") = "AzureFunctions", "AzureFunctions", "{6652B4BE-B160-44A9-BDF6-95DE997BB246}"
EndProject
Project("{FAE04EC0-301F-11D3-BF4B-00C04F79EFBC}") = "GameAzureFunctions", "GameAzureFunctions\GameAzureFunctions.csproj", "{B55BF387-2310-479F-97CB-D65F0145FB80}"
EndProject
Global
	GlobalSection(SolutionConfigurationPlatforms) = preSolution
		Debug|Any CPU = Debug|Any CPU
		Release|Any CPU = Release|Any CPU
	EndGlobalSection
	GlobalSection(ProjectConfigurationPlatforms) = postSolution
		{E4B0432E-A85E-4CA5-8A1C-84C9D9415BC6}.Debug|Any CPU.ActiveCfg = Debug|Any CPU
		{E4B0432E-A85E-4CA5-8A1C-84C9D9415BC6}.Debug|Any CPU.Build.0 = Debug|Any CPU
		{E4B0432E-A85E-4CA5-8A1C-84C9D9415BC6}.Release|Any CPU.ActiveCfg = Release|Any CPU
		{E4B0432E-A85E-4CA5-8A1C-84C9D9415BC6}.Release|Any CPU.Build.0 = Release|Any CPU
		{B55BF387-2310-479F-97CB-D65F0145FB80}.Debug|Any CPU.ActiveCfg = Debug|Any CPU
		{B55BF387-2310-479F-97CB-D65F0145FB80}.Debug|Any CPU.Build.0 = Debug|Any CPU
		{B55BF387-2310-479F-97CB-D65F0145FB80}.Release|Any CPU.ActiveCfg = Release|Any CPU
		{B55BF387-2310-479F-97CB-D65F0145FB80}.Release|Any CPU.Build.0 = Release|Any CPU
	EndGlobalSection
	GlobalSection(SolutionProperties) = preSolution
		HideSolutionNode = FALSE
	EndGlobalSection
	GlobalSection(NestedProjects) = preSolution
		{B55BF387-2310-479F-97CB-D65F0145FB80} = {6652B4BE-B160-44A9-BDF6-95DE997BB246}
	EndGlobalSection
	GlobalSection(ExtensibilityGlobals) = postSolution
		SolutionGuid = {EA1A2839-7A93-4126-8644-1D3C55777D28}
	EndGlobalSection
EndGlobal
